Microsoft Visual Studio Solution File, Format Version 12.00
# Visual Studio Version 17
VisualStudioVersion = 17.5.2.0
MinimumVisualStudioVersion = 10.0.40219.1
Project("{2150E333-8FDC-42A3-9474-1A3956D46DE8}") = "BackEndDotNetCore", "BackEndDotNetCore", "{F76110C2-577E-7672-2DC9-6C5D9FA10878}"
EndProject
Project("{FAE04EC0-301F-11D3-BF4B-00C04F79EFBC}") = "backend", "BackEndDotNetCore\backend.csproj", "{9CB67947-9E8C-A9D6-1CA8-C23AED097C3C}"
EndProject
Global
	GlobalSection(SolutionConfigurationPlatforms) = preSolution
		Debug|Any CPU = Debug|Any CPU
		Release|Any CPU = Release|Any CPU
	EndGlobalSection
	GlobalSection(ProjectConfigurationPlatforms) = postSolution
		{9CB67947-9E8C-A9D6-1CA8-C23AED097C3C}.Debug|Any CPU.ActiveCfg = Debug|Any CPU
		{9CB67947-9E8C-A9D6-1CA8-C23AED097C3C}.Debug|Any CPU.Build.0 = Debug|Any CPU
		{9CB67947-9E8C-A9D6-1CA8-C23AED097C3C}.Release|Any CPU.ActiveCfg = Release|Any CPU
		{9CB67947-9E8C-A9D6-1CA8-C23AED097C3C}.Release|Any CPU.Build.0 = Release|Any CPU
	EndGlobalSection
	GlobalSection(SolutionProperties) = preSolution
		HideSolutionNode = FALSE
	EndGlobalSection
	GlobalSection(NestedProjects) = preSolution
		{9CB67947-9E8C-A9D6-1CA8-C23AED097C3C} = {F76110C2-577E-7672-2DC9-6C5D9FA10878}
	EndGlobalSection
	GlobalSection(ExtensibilityGlobals) = postSolution
		SolutionGuid = {3565F530-0DFE-427D-9A77-2A6411ECAE9F}
	EndGlobalSection
EndGlobal
